
Microsoft Visual Studio Solution File, Format Version 12.00
# Visual Studio Version 17
VisualStudioVersion = 17.3.32825.248
MinimumVisualStudioVersion = 10.0.40219.1
Project("{9A19103F-16F7-4668-BE54-9A1E7A4F7556}") = "WebApi", "WebAPI\WebApi.csproj", "{B9313164-B47C-44A4-834A-E2F5468CBEDD}"
EndProject
Project("{9A19103F-16F7-4668-BE54-9A1E7A4F7556}") = "WebAppMVC", "WebAppMVC\WebAppMVC.csproj", "{A224A274-B1F1-4A42-B936-CB3381693C38}"
EndProject
Project("{9A19103F-16F7-4668-BE54-9A1E7A4F7556}") = "WebApiClient", "AppMVCClassLibrary\WebApiClient.csproj", "{4E014145-941C-4EDC-8770-FFF79DD0B8F4}"
EndProject
Project("{9A19103F-16F7-4668-BE54-9A1E7A4F7556}") = "DataAccessLayer", "AppMVCDataAccess\DataAccessLayer.csproj", "{D1063AFD-1821-4A5E-B251-4E96F61BB8FD}"
EndProject
Project("{9A19103F-16F7-4668-BE54-9A1E7A4F7556}") = "LoggerService", "LoggerService\LoggerService.csproj", "{FB658C4B-0587-4606-AE8E-832E972E3017}"
EndProject
Project("{FAE04EC0-301F-11D3-BF4B-00C04F79EFBC}") = "Tests", "Tests\Tests.csproj", "{B92F0AEB-230B-43DD-BDFA-47490A878F07}"
EndProject
Global
	GlobalSection(SolutionConfigurationPlatforms) = preSolution
		Debug|Any CPU = Debug|Any CPU
		Release|Any CPU = Release|Any CPU
	EndGlobalSection
	GlobalSection(ProjectConfigurationPlatforms) = postSolution
		{B9313164-B47C-44A4-834A-E2F5468CBEDD}.Debug|Any CPU.ActiveCfg = Debug|Any CPU
		{B9313164-B47C-44A4-834A-E2F5468CBEDD}.Debug|Any CPU.Build.0 = Debug|Any CPU
		{B9313164-B47C-44A4-834A-E2F5468CBEDD}.Release|Any CPU.ActiveCfg = Release|Any CPU
		{B9313164-B47C-44A4-834A-E2F5468CBEDD}.Release|Any CPU.Build.0 = Release|Any CPU
		{A224A274-B1F1-4A42-B936-CB3381693C38}.Debug|Any CPU.ActiveCfg = Debug|Any CPU
		{A224A274-B1F1-4A42-B936-CB3381693C38}.Debug|Any CPU.Build.0 = Debug|Any CPU
		{A224A274-B1F1-4A42-B936-CB3381693C38}.Release|Any CPU.ActiveCfg = Release|Any CPU
		{A224A274-B1F1-4A42-B936-CB3381693C38}.Release|Any CPU.Build.0 = Release|Any CPU
		{4E014145-941C-4EDC-8770-FFF79DD0B8F4}.Debug|Any CPU.ActiveCfg = Debug|Any CPU
		{4E014145-941C-4EDC-8770-FFF79DD0B8F4}.Debug|Any CPU.Build.0 = Debug|Any CPU
		{4E014145-941C-4EDC-8770-FFF79DD0B8F4}.Release|Any CPU.ActiveCfg = Release|Any CPU
		{4E014145-941C-4EDC-8770-FFF79DD0B8F4}.Release|Any CPU.Build.0 = Release|Any CPU
		{D1063AFD-1821-4A5E-B251-4E96F61BB8FD}.Debug|Any CPU.ActiveCfg = Debug|Any CPU
		{D1063AFD-1821-4A5E-B251-4E96F61BB8FD}.Debug|Any CPU.Build.0 = Debug|Any CPU
		{D1063AFD-1821-4A5E-B251-4E96F61BB8FD}.Release|Any CPU.ActiveCfg = Release|Any CPU
		{D1063AFD-1821-4A5E-B251-4E96F61BB8FD}.Release|Any CPU.Build.0 = Release|Any CPU
		{FB658C4B-0587-4606-AE8E-832E972E3017}.Debug|Any CPU.ActiveCfg = Debug|Any CPU
		{FB658C4B-0587-4606-AE8E-832E972E3017}.Debug|Any CPU.Build.0 = Debug|Any CPU
		{FB658C4B-0587-4606-AE8E-832E972E3017}.Release|Any CPU.ActiveCfg = Release|Any CPU
		{FB658C4B-0587-4606-AE8E-832E972E3017}.Release|Any CPU.Build.0 = Release|Any CPU
		{B92F0AEB-230B-43DD-BDFA-47490A878F07}.Debug|Any CPU.ActiveCfg = Debug|Any CPU
		{B92F0AEB-230B-43DD-BDFA-47490A878F07}.Debug|Any CPU.Build.0 = Debug|Any CPU
		{B92F0AEB-230B-43DD-BDFA-47490A878F07}.Release|Any CPU.ActiveCfg = Release|Any CPU
		{B92F0AEB-230B-43DD-BDFA-47490A878F07}.Release|Any CPU.Build.0 = Release|Any CPU
	EndGlobalSection
	GlobalSection(SolutionProperties) = preSolution
		HideSolutionNode = FALSE
	EndGlobalSection
	GlobalSection(ExtensibilityGlobals) = postSolution
		SolutionGuid = {E15D27D0-2C34-42DA-99DC-3A962CC7594A}
	EndGlobalSection
EndGlobal
